{
  "name": "farm-game",
  "lockfileVersion": 3,
  "requires": true,
  "packages": {
    "": {
      "name": "farm-game",
      "workspaces": [
        "engine",
        "spike",
        "app"
      ],
      "engines": {
        "node": ">=22.18"
      }
    },
    "engine": {
      "name": "farm-engine",
      "version": "0.0.1",
      "devDependencies": {
        "@types/node": "^22.20.1",
        "typescript": "^5.9.3"
      },
      "engines": {
        "node": ">=22.18"
      }
    },
    "engine/node_modules/@types/node": {
      "version": "22.20.1",
      "dev": true,
      "license": "MIT",
      "dependencies": {
        "undici-types": "~6.21.0"
      }
    },
    "engine/node_modules/typescript": {
      "version": "5.9.3",
      "dev": true,
      "license": "Apache-2.0",
      "bin": {
        "tsc": "bin/tsc",
        "tsserver": "bin/tsserver"
      },
      "engines": {
        "node": ">=14.17"
      }
    },
    "engine/node_modules/undici-types": {
      "version": "6.21.0",
      "dev": true,
      "license": "MIT"
    },
    "node_modules/farm-engine": {
      "resolved": "engine",
      "link": true
    }
  }
}
